// !$*UTF8*$!
{
	archiveVersion = 1;
	classes = {
	};
	objectVersion = 48;
	objects = {

/* Begin PBXBuildFile section */
		D1A3CB3E202B75E000D81A43 /* AppDelegate.swift in Sources */ = {isa = PBXBuildFile; fileRef = D1A3CB3D202B75E000D81A43 /* AppDelegate.swift */; };
		D1A3CB40202B75E000D81A43 /* CameraVC.swift in Sources */ = {isa = PBXBuildFile; fileRef = D1A3CB3F202B75E000D81A43 /* CameraVC.swift */; };
		D1A3CB43202B75E100D81A43 /* Main.storyboard in Resources */ = {isa = PBXBuildFile; fileRef = D1A3CB41202B75E100D81A43 /* Main.storyboard */; };
		D1A3CB45202B75E100D81A43 /* Assets.xcassets in Resources */ = {isa = PBXBuildFile; fileRef = D1A3CB44202B75E100D81A43 /* Assets.xcassets */; };
		D1A3CB48202B75E100D81A43 /* LaunchScreen.storyboard in Resources */ = {isa = PBXBuildFile; fileRef = D1A3CB46202B75E100D81A43 /* LaunchScreen.storyboard */; };
		D1A3CB53202B7BBF00D81A43 /* RoundedShadowView.swift in Sources */ = {isa = PBXBuildFile; fileRef = D1A3CB52202B7BBF00D81A43 /* RoundedShadowView.swift */; };
		D1A3CB55202B7DB700D81A43 /* RoundedShadowBtn.swift in Sources */ = {isa = PBXBuildFile; fileRef = D1A3CB54202B7DB700D81A43 /* RoundedShadowBtn.swift */; };
		D1A3CB57202B7FCE00D81A43 /* RoundedShadowImageView.swift in Sources */ = {isa = PBXBuildFile; fileRef = D1A3CB56202B7FCE00D81A43 /* RoundedShadowImageView.swift */; };
/* End PBXBuildFile section */

/* Begin PBXFileReference section */
		D1A3CB3A202B75E000D81A43 /* Image Recognition.app */ = {isa = PBXFileReference; explicitFileType = wrapper.application; includeInIndex = 0; path = "Image Recognition.app"; sourceTree = BUILT_PRODUCTS_DIR; };
		D1A3CB3D202B75E000D81A43 /* AppDelegate.swift */ = {isa = PBXFileReference; lastKnownFileType = sourcecode.swift; path = AppDelegate.swift; sourceTree = "<group>"; };
		D1A3CB3F202B75E000D81A43 /* CameraVC.swift */ = {isa = PBXFileReference; lastKnownFileType = sourcecode.swift; path = CameraVC.swift; sourceTree = "<group>"; };
		D1A3CB42202B75E100D81A43 /* Base */ = {isa = PBXFileReference; lastKnownFileType = file.storyboard; name = Base; path = Base.lproj/Main.storyboard; sourceTree = "<group>"; };
		D1A3CB44202B75E100D81A43 /* Assets.xcassets */ = {isa = PBXFileReference; lastKnownFileType = folder.assetcatalog; path = Assets.xcassets; sourceTree = "<group>"; };
		D1A3CB47202B75E100D81A43 /* Base */ = {isa = PBXFileReference; lastKnownFileType = file.storyboard; name = Base; path = Base.lproj/LaunchScreen.storyboard; sourceTree = "<group>"; };
		D1A3CB49202B75E100D81A43 /* Info.plist */ = {isa = PBXFileReference; lastKnownFileType = text.plist.xml; path = Info.plist; sourceTree = "<group>"; };
		D1A3CB52202B7BBF00D81A43 /* RoundedShadowView.swift */ = {isa = PBXFileReference; lastKnownFileType = sourcecode.swift; path = RoundedShadowView.swift; sourceTree = "<group>"; };
		D1A3CB54202B7DB700D81A43 /* RoundedShadowBtn.swift */ = {isa = PBXFileReference; lastKnownFileType = sourcecode.swift; path = RoundedShadowBtn.swift; sourceTree = "<group>"; };
		D1A3CB56202B7FCE00D81A43 /* RoundedShadowImageView.swift */ = {isa = PBXFileReference; lastKnownFileType = sourcecode.swift; path = RoundedShadowImageView.swift; sourceTree = "<group>"; };
/* End PBXFileReference section */

/* Begin PBXFrameworksBuildPhase section */
		D1A3CB37202B75E000D81A43 /* Frameworks */ = {
			isa = PBXFrameworksBuildPhase;
			buildActionMask = 2147483647;
			files = (
			);
			runOnlyForDeploymentPostprocessing = 0;
		};
/* End PBXFrameworksBuildPhase section */

/* Begin PBXGroup section */
		D1A3CB31202B75E000D81A43 = {
			isa = PBXGroup;
			children = (
				D1A3CB3C202B75E000D81A43 /* Image Recognition */,
				D1A3CB3B202B75E000D81A43 /* Products */,
			);
			sourceTree = "<group>";
		};
		D1A3CB3B202B75E000D81A43 /* Products */ = {
			isa = PBXGroup;
			children = (
				D1A3CB3A202B75E000D81A43 /* Image Recognition.app */,
			);
			name = Products;
			sourceTree = "<group>";
		};
		D1A3CB3C202B75E000D81A43 /* Image Recognition */ = {
			isa = PBXGroup;
			children = (
				D1A3CB51202B766E00D81A43 /* Resources */,
				D1A3CB4F202B765200D81A43 /* View */,
				D1A3CB50202B766100D81A43 /* Controller */,
				D1A3CB3D202B75E000D81A43 /* AppDelegate.swift */,
				D1A3CB41202B75E100D81A43 /* Main.storyboard */,
				D1A3CB44202B75E100D81A43 /* Assets.xcassets */,
				D1A3CB46202B75E100D81A43 /* LaunchScreen.storyboard */,
				D1A3CB49202B75E100D81A43 /* Info.plist */,
			);
			path = "Image Recognition";
			sourceTree = "<group>";
		};
		D1A3CB4F202B765200D81A43 /* View */ = {
			isa = PBXGroup;
			children = (
				D1A3CB52202B7BBF00D81A43 /* RoundedShadowView.swift */,
				D1A3CB54202B7DB700D81A43 /* RoundedShadowBtn.swift */,
				D1A3CB56202B7FCE00D81A43 /* RoundedShadowImageView.swift */,
			);
			path = View;
			sourceTree = "<group>";
		};
		D1A3CB50202B766100D81A43 /* Controller */ = {
			isa = PBXGroup;
			children = (
				D1A3CB3F202B75E000D81A43 /* CameraVC.swift */,
			);
			path = Controller;
			sourceTree = "<group>";
		};
		D1A3CB51202B766E00D81A43 /* Resources */ = {
			isa = PBXGroup;
			children = (
			);
			path = Resources;
			sourceTree = "<group>";
		};
/* End PBXGroup section */

/* Begin PBXNativeTarget section */
		D1A3CB39202B75E000D81A43 /* Image Recognition */ = {
			isa = PBXNativeTarget;
			buildConfigurationList = D1A3CB4C202B75E100D81A43 /* Build configuration list for PBXNativeTarget "Image Recognition" */;
			buildPhases = (
				D1A3CB36202B75E000D81A43 /* Sources */,
				D1A3CB37202B75E000D81A43 /* Frameworks */,
				D1A3CB38202B75E000D81A43 /* Resources */,
			);
			buildRules = (
			);
			dependencies = (
			);
			name = "Image Recognition";
			productName = "Image Recognition";
			productReference = D1A3CB3A202B75E000D81A43 /* Image Recognition.app */;
			productType = "com.apple.product-type.application";
		};
/* End PBXNativeTarget section */

/* Begin PBXProject section */
		D1A3CB32202B75E000D81A43 /* Project object */ = {
			isa = PBXProject;
			attributes = {
				LastSwiftUpdateCheck = 0910;
				LastUpgradeCheck = 0910;
				ORGANIZATIONNAME = "Coder Earth";
				TargetAttributes = {
					D1A3CB39202B75E000D81A43 = {
						CreatedOnToolsVersion = 9.1;
						ProvisioningStyle = Automatic;
					};
				};
			};
			buildConfigurationList = D1A3CB35202B75E000D81A43 /* Build configuration list for PBXProject "Image Recognition" */;
			compatibilityVersion = "Xcode 8.0";
			developmentRegion = en;
			hasScannedForEncodings = 0;
			knownRegions = (
				en,
				Base,
			);
			mainGroup = D1A3CB31202B75E000D81A43;
			productRefGroup = D1A3CB3B202B75E000D81A43 /* Products */;
			projectDirPath = "";
			projectRoot = "";
			targets = (
				D1A3CB39202B75E000D81A43 /* Image Recognition */,
			);
		};
/* End PBXProject section */

/* Begin PBXResourcesBuildPhase section */
		D1A3CB38202B75E000D81A43 /* Resources */ = {
			isa = PBXResourcesBuildPhase;
			buildActionMask = 2147483647;
			files = (
				D1A3CB48202B75E100D81A43 /* LaunchScreen.storyboard in Resources */,
				D1A3CB45202B75E100D81A43 /* Assets.xcassets in Resources */,
				D1A3CB43202B75E100D81A43 /* Main.storyboard in Resources */,
			);
			runOnlyForDeploymentPostprocessing = 0;
		};
/* End PBXResourcesBuildPhase section */

/* Begin PBXSourcesBuildPhase section */
		D1A3CB36202B75E000D81A43 /* Sources */ = {
			isa = PBXSourcesBuildPhase;
			buildActionMask = 2147483647;
			files = (
				D1A3CB55202B7DB700D81A43 /* RoundedShadowBtn.swift in Sources */,
				D1A3CB40202B75E000D81A43 /* CameraVC.swift in Sources */,
				D1A3CB3E202B75E000D81A43 /* AppDelegate.swift in Sources */,
				D1A3CB53202B7BBF00D81A43 /* RoundedShadowView.swift in Sources */,
				D1A3CB57202B7FCE00D81A43 /* RoundedShadowImageView.swift in Sources */,
			);
			runOnlyForDeploymentPostprocessing = 0;
		};
/* End PBXSourcesBuildPhase section */

/* Begin PBXVariantGroup section */
		D1A3CB41202B75E100D81A43 /* Main.storyboard */ = {
			isa = PBXVariantGroup;
			children = (
				D1A3CB42202B75E100D81A43 /* Base */,
			);
			name = Main.storyboard;
			sourceTree = "<group>";
		};
		D1A3CB46202B75E100D81A43 /* LaunchScreen.storyboard */ = {
			isa = PBXVariantGroup;
			children = (
				D1A3CB47202B75E100D81A43 /* Base */,
			);
			name = LaunchScreen.storyboard;
			sourceTree = "<group>";
		};
/* End PBXVariantGroup section */

/* Begin XCBuildConfiguration section */
		D1A3CB4A202B75E100D81A43 /* Debug */ = {
			isa = XCBuildConfiguration;
			buildSettings = {
				ALWAYS_SEARCH_USER_PATHS = NO;
				CLANG_ANALYZER_NONNULL = YES;
				CLANG_ANALYZER_NUMBER_OBJECT_CONVERSION = YES_AGGRESSIVE;
				CLANG_CXX_LANGUAGE_STANDARD = "gnu++14";
				CLANG_CXX_LIBRARY = "libc++";
				CLANG_ENABLE_MODULES = YES;
				CLANG_ENABLE_OBJC_ARC = YES;
				CLANG_WARN_BLOCK_CAPTURE_AUTORELEASING = YES;
				CLANG_WARN_BOOL_CONVERSION = YES;
				CLANG_WARN_COMMA = YES;
				CLANG_WARN_CONSTANT_CONVERSION = YES;
				CLANG_WARN_DIRECT_OBJC_ISA_USAGE = YES_ERROR;
				CLANG_WARN_DOCUMENTATION_COMMENTS = YES;
				CLANG_WARN_EMPTY_BODY = YES;
				CLANG_WARN_ENUM_CONVERSION = YES;
				CLANG_WARN_INFINITE_RECURSION = YES;
				CLANG_WARN_INT_CONVERSION = YES;
				CLANG_WARN_NON_LITERAL_NULL_CONVERSION = YES;
				CLANG_WARN_OBJC_LITERAL_CONVERSION = YES;
				CLANG_WARN_OBJC_ROOT_CLASS = YES_ERROR;
				CLANG_WARN_RANGE_LOOP_ANALYSIS = YES;
				CLANG_WARN_STRICT_PROTOTYPES = YES;
				CLANG_WARN_SUSPICIOUS_MOVE = YES;
				CLANG_WARN_UNGUARDED_AVAILABILITY = YES_AGGRESSIVE;
				CLANG_WARN_UNREACHABLE_CODE = YES;
				CLANG_WARN__DUPLICATE_METHOD_MATCH = YES;
				CODE_SIGN_IDENTITY = "iPhone Developer";
				COPY_PHASE_STRIP = NO;
				DEBUG_INFORMATION_FORMAT = dwarf;
				ENABLE_STRICT_OBJC_MSGSEND = YES;
				ENABLE_TESTABILITY = YES;
				GCC_C_LANGUAGE_STANDARD = gnu11;
				GCC_DYNAMIC_NO_PIC = NO;
				GCC_NO_COMMON_BLOCKS = YES;
				GCC_OPTIMIZATION_LEVEL = 0;
				GCC_PREPROCESSOR_DEFINITIONS = (
					"DEBUG=1",
					"$(inherited)",
				);
				GCC_WARN_64_TO_32_BIT_CONVERSION = YES;
				GCC_WARN_ABOUT_RETURN_TYPE = YES_ERROR;
				GCC_WARN_UNDECLARED_SELECTOR = YES;
				GCC_WARN_UNINITIALIZED_AUTOS = YES_AGGRESSIVE;
				GCC_WARN_UNUSED_FUNCTION = YES;
				GCC_WARN_UNUSED_VARIABLE = YES;
				IPHONEOS_DEPLOYMENT_TARGET = 11.1;
				MTL_ENABLE_DEBUG_INFO = YES;
				ONLY_ACTIVE_ARCH = YES;
				SDKROOT = iphoneos;
				SWIFT_ACTIVE_COMPILATION_CONDITIONS = DEBUG;
				SWIFT_OPTIMIZATION_LEVEL = "-Onone";
			};
			name = Debug;
		};
		D1A3CB4B202B75E100D81A43 /* Release */ = {
			isa = XCBuildConfiguration;
			buildSettings = {
				ALWAYS_SEARCH_USER_PATHS = NO;
				CLANG_ANALYZER_NONNULL = YES;
				CLANG_ANALYZER_NUMBER_OBJECT_CONVERSION = YES_AGGRESSIVE;
				CLANG_CXX_LANGUAGE_STANDARD = "gnu++14";
				CLANG_CXX_LIBRARY = "libc++";
				CLANG_ENABLE_MODULES = YES;
				CLANG_ENABLE_OBJC_ARC = YES;
				CLANG_WARN_BLOCK_CAPTURE_AUTORELEASING = YES;
				CLANG_WARN_BOOL_CONVERSION = YES;
				CLANG_WARN_COMMA = YES;
				CLANG_WARN_CONSTANT_CONVERSION = YES;
				CLANG_WARN_DIRECT_OBJC_ISA_USAGE = YES_ERROR;
				CLANG_WARN_DOCUMENTATION_COMMENTS = YES;
				CLANG_WARN_EMPTY_BODY = YES;
				CLANG_WARN_ENUM_CONVERSION = YES;
				CLANG_WARN_INFINITE_RECURSION = YES;
				CLANG_WARN_INT_CONVERSION = YES;
				CLANG_WARN_NON_LITERAL_NULL_CONVERSION = YES;
				CLANG_WARN_OBJC_LITERAL_CONVERSION = YES;
				CLANG_WARN_OBJC_ROOT_CLASS = YES_ERROR;
				CLANG_WARN_RANGE_LOOP_ANALYSIS = YES;
				CLANG_WARN_STRICT_PROTOTYPES = YES;
				CLANG_WARN_SUSPICIOUS_MOVE = YES;
				CLANG_WARN_UNGUARDED_AVAILABILITY = YES_AGGRESSIVE;
				CLANG_WARN_UNREACHABLE_CODE = YES;
				CLANG_WARN__DUPLICATE_METHOD_MATCH = YES;
				CODE_SIGN_IDENTITY = "iPhone Developer";
				COPY_PHASE_STRIP = NO;
				DEBUG_INFORMATION_FORMAT = "dwarf-with-dsym";
				ENABLE_NS_ASSERTIONS = NO;
				ENABLE_STRICT_OBJC_MSGSEND = YES;
				GCC_C_LANGUAGE_STANDARD = gnu11;
				GCC_NO_COMMON_BLOCKS = YES;
				GCC_WARN_64_TO_32_BIT_CONVERSION = YES;
				GCC_WARN_ABOUT_RETURN_TYPE = YES_ERROR;
				GCC_WARN_UNDECLARED_SELECTOR = YES;
				GCC_WARN_UNINITIALIZED_AUTOS = YES_AGGRESSIVE;
				GCC_WARN_UNUSED_FUNCTION = YES;
				GCC_WARN_UNUSED_VARIABLE = YES;
				IPHONEOS_DEPLOYMENT_TARGET = 11.1;
				MTL_ENABLE_DEBUG_INFO = NO;
				SDKROOT = iphoneos;
				SWIFT_OPTIMIZATION_LEVEL = "-Owholemodule";
				VALIDATE_PRODUCT = YES;
			};
			name = Release;
		};
		D1A3CB4D202B75E100D81A43 /* Debug */ = {
			isa = XCBuildConfiguration;
			buildSettings = {
				ASSETCATALOG_COMPILER_APPICON_NAME = AppIcon;
				CODE_SIGN_STYLE = Automatic;
				DEVELOPMENT_TEAM = HW2VJEFH2M;
				INFOPLIST_FILE = "Image Recognition/Info.plist";
				LD_RUNPATH_SEARCH_PATHS = "$(inherited) @executable_path/Frameworks";
				PRODUCT_BUNDLE_IDENTIFIER = "in.coderearth.Image-Recognition";
				PRODUCT_NAME = "$(TARGET_NAME)";
				SWIFT_VERSION = 4.0;
				TARGETED_DEVICE_FAMILY = "1,2";
			};
			name = Debug;
		};
		D1A3CB4E202B75E100D81A43 /* Release */ = {
			isa = XCBuildConfiguration;
			buildSettings = {
				ASSETCATALOG_COMPILER_APPICON_NAME = AppIcon;
				CODE_SIGN_STYLE = Automatic;
				DEVELOPMENT_TEAM = HW2VJEFH2M;
				INFOPLIST_FILE = "Image Recognition/Info.plist";
				LD_RUNPATH_SEARCH_PATHS = "$(inherited) @executable_path/Frameworks";
				PRODUCT_BUNDLE_IDENTIFIER = "in.coderearth.Image-Recognition";
				PRODUCT_NAME = "$(TARGET_NAME)";
				SWIFT_VERSION = 4.0;
				TARGETED_DEVICE_FAMILY = "1,2";
			};
			name = Release;
		};
/* End XCBuildConfiguration section */

/* Begin XCConfigurationList section */
		D1A3CB35202B75E000D81A43 /* Build configuration list for PBXProject "Image Recognition" */ = {
			isa = XCConfigurationList;
			buildConfigurations = (
				D1A3CB4A202B75E100D81A43 /* Debug */,
				D1A3CB4B202B75E100D81A43 /* Release */,
			);
			defaultConfigurationIsVisible = 0;
			defaultConfigurationName = Release;
		};
		D1A3CB4C202B75E100D81A43 /* Build configuration list for PBXNativeTarget "Image Recognition" */ = {
			isa = XCConfigurationList;
			buildConfigurations = (
				D1A3CB4D202B75E100D81A43 /* Debug */,
				D1A3CB4E202B75E100D81A43 /* Release */,
			);
			defaultConfigurationIsVisible = 0;
			defaultConfigurationName = Release;
		};
/* End XCConfigurationList section */
	};
	rootObject = D1A3CB32202B75E000D81A43 /* Project object */;
}
